
Microsoft Visual Studio Solution File, Format Version 12.00
# Visual Studio 15
Project("{FAE04EC0-301F-11D3-BF4B-00C04F79EFBC}") = "Assembly-CSharp", "Assembly-CSharp.csproj", "{9F5FDBAE-FCE3-7356-FCC3-4E0E8BB9C58E}"
EndProject
Project("{FAE04EC0-301F-11D3-BF4B-00C04F79EFBC}") = "Sirenix.OdinInspector.CompatibilityLayer", "Sirenix.OdinInspector.CompatibilityLayer.csproj", "{27A7D23D-95DF-C0A1-A910-068FE32805BA}"
EndProject
Project("{FAE04EC0-301F-11D3-BF4B-00C04F79EFBC}") = "Assembly-CSharp-Editor", "Assembly-CSharp-Editor.csproj", "{7C9ECB2B-4F61-D34D-6228-E04FAC470786}"
EndProject
Project("{FAE04EC0-301F-11D3-BF4B-00C04F79EFBC}") = "Sirenix.OdinInspector.CompatibilityLayer.Editor", "Sirenix.OdinInspector.CompatibilityLayer.Editor.csproj", "{6086DA44-FB60-26C2-050B-8924903F7D06}"
EndProject
Global
	GlobalSection(SolutionConfigurationPlatforms) = preSolution
		Debug|Any CPU = Debug|Any CPU
		Release|Any CPU = Release|Any CPU
	EndGlobalSection
	GlobalSection(ProjectConfigurationPlatforms) = postSolution
		{9F5FDBAE-FCE3-7356-FCC3-4E0E8BB9C58E}.Debug|Any CPU.ActiveCfg = Debug|Any CPU
		{9F5FDBAE-FCE3-7356-FCC3-4E0E8BB9C58E}.Debug|Any CPU.Build.0 = Debug|Any CPU
		{9F5FDBAE-FCE3-7356-FCC3-4E0E8BB9C58E}.Release|Any CPU.ActiveCfg = Release|Any CPU
		{9F5FDBAE-FCE3-7356-FCC3-4E0E8BB9C58E}.Release|Any CPU.Build.0 = Release|Any CPU
		{27A7D23D-95DF-C0A1-A910-068FE32805BA}.Debug|Any CPU.ActiveCfg = Debug|Any CPU
		{27A7D23D-95DF-C0A1-A910-068FE32805BA}.Debug|Any CPU.Build.0 = Debug|Any CPU
		{27A7D23D-95DF-C0A1-A910-068FE32805BA}.Release|Any CPU.ActiveCfg = Release|Any CPU
		{27A7D23D-95DF-C0A1-A910-068FE32805BA}.Release|Any CPU.Build.0 = Release|Any CPU
		{7C9ECB2B-4F61-D34D-6228-E04FAC470786}.Debug|Any CPU.ActiveCfg = Debug|Any CPU
		{7C9ECB2B-4F61-D34D-6228-E04FAC470786}.Debug|Any CPU.Build.0 = Debug|Any CPU
		{7C9ECB2B-4F61-D34D-6228-E04FAC470786}.Release|Any CPU.ActiveCfg = Release|Any CPU
		{7C9ECB2B-4F61-D34D-6228-E04FAC470786}.Release|Any CPU.Build.0 = Release|Any CPU
		{6086DA44-FB60-26C2-050B-8924903F7D06}.Debug|Any CPU.ActiveCfg = Debug|Any CPU
		{6086DA44-FB60-26C2-050B-8924903F7D06}.Debug|Any CPU.Build.0 = Debug|Any CPU
		{6086DA44-FB60-26C2-050B-8924903F7D06}.Release|Any CPU.ActiveCfg = Release|Any CPU
		{6086DA44-FB60-26C2-050B-8924903F7D06}.Release|Any CPU.Build.0 = Release|Any CPU
	EndGlobalSection
	GlobalSection(SolutionProperties) = preSolution
		HideSolutionNode = FALSE
	EndGlobalSection
	GlobalSection(MonoDevelopProperties) = preSolution
		StartupItem = Assembly-CSharp.csproj
	EndGlobalSection
EndGlobal
